
Microsoft Visual Studio Solution File, Format Version 12.00
# Visual Studio 15
VisualStudioVersion = 15.0.28307.1300
MinimumVisualStudioVersion = 10.0.40219.1
Project("{FAE04EC0-301F-11D3-BF4B-00C04F79EFBC}") = "ivice pravim", "ivice pravim\ivice pravim.csproj", "{70C5199E-4183-413A-94E3-0CA57F28F77D}"
EndProject
Global
	GlobalSection(SolutionConfigurationPlatforms) = preSolution
		Debug|Any CPU = Debug|Any CPU
		Release|Any CPU = Release|Any CPU
	EndGlobalSection
	GlobalSection(ProjectConfigurationPlatforms) = postSolution
		{70C5199E-4183-413A-94E3-0CA57F28F77D}.Debug|Any CPU.ActiveCfg = Debug|Any CPU
		{70C5199E-4183-413A-94E3-0CA57F28F77D}.Debug|Any CPU.Build.0 = Debug|Any CPU
		{70C5199E-4183-413A-94E3-0CA57F28F77D}.Release|Any CPU.ActiveCfg = Release|Any CPU
		{70C5199E-4183-413A-94E3-0CA57F28F77D}.Release|Any CPU.Build.0 = Release|Any CPU
	EndGlobalSection
	GlobalSection(SolutionProperties) = preSolution
		HideSolutionNode = FALSE
	EndGlobalSection
	GlobalSection(ExtensibilityGlobals) = postSolution
		SolutionGuid = {2646501A-48B1-43F0-B172-A15BF1A75B73}
	EndGlobalSection
EndGlobal
